<?xml version="1.0" encoding="utf-8"?>
<Project ToolsVersion="4.0" xmlns="http://schemas.microsoft.com/developer/msbuild/2003">
  <ItemGroup>
    <Filter Include="Source Files">
      <UniqueIdentifier>{4FC737F1-C7A5-4376-A066-2A32D752A2FF}</UniqueIdentifier>
      <Extensions>cpp;c;cc;cxx;def;odl;idl;hpj;bat;asm;asmx</Extensions>
    </Filter>
    <Filter Include="Header Files">
      <UniqueIdentifier>{93995380-89BD-4b04-88EB-625FBE52EBFB}</UniqueIdentifier>
      <Extensions>h;hh;hpp;hxx;hm;inl;inc;xsd</Extensions>
    </Filter>
    <Filter Include="Resource Files">
      <UniqueIdentifier>{67DA6AB6-F800-4c08-8B7A-83BB121AAD01}</UniqueIdentifier>
      <Extensions>rc;ico;cur;bmp;dlg;rc2;rct;bin;rgs;gif;jpg;jpeg;jpe;resx;tiff;tif;png;wav;mfcribbon-ms</Extensions>
    </Filter>
    <Filter Include="Form Files">
      <UniqueIdentifier>{99349809-55BA-4b9d-BF79-8FDBB0286EB3}</UniqueIdentifier>
      <Extensions>ui</Extensions>
    </Filter>
    <Filter Include="Resource Files">
      <UniqueIdentifier>{D9D6E242-F8AF-46E4-B9FD-80ECBC20BA3E}</UniqueIdentifier>
      <Extensions>qrc;*</Extensions>
      <ParseFiles>false</ParseFiles>
    </Filter>
    <Filter Include="Form Files\Form For Camera">
      <UniqueIdentifier>{c4d99244-4445-4229-8f09-ccaa6bcbfd5c}</UniqueIdentifier>
    </Filter>
    <Filter Include="Form Files\Form For Simulator">
      <UniqueIdentifier>{d0787711-9b7c-4aa9-a1d1-f04ea06dbb91}</UniqueIdentifier>
    </Filter>
    <Filter Include="Work With Camera">
      <UniqueIdentifier>{d1c12de1-0740-431f-8cac-66a1db34ff2b}</UniqueIdentifier>
    </Filter>
    <Filter Include="Work With Camera\Header Files">
      <UniqueIdentifier>{991b5a3d-d8e9-4b3f-b894-57b7d8281504}</UniqueIdentifier>
    </Filter>
    <Filter Include="Work With Camera\Source Files">
      <UniqueIdentifier>{3878b702-1a8c-4762-847b-cde7c918f4ef}</UniqueIdentifier>
    </Filter>
    <Filter Include="Gui For Camera">
      <UniqueIdentifier>{47146e08-5e38-472d-a6ac-5b9799ba27ba}</UniqueIdentifier>
    </Filter>
    <Filter Include="Gui For Camera\Header Files">
      <UniqueIdentifier>{f0d55528-5516-40db-90b3-5c0f035ac357}</UniqueIdentifier>
    </Filter>
    <Filter Include="Gui For Camera\Source Files">
      <UniqueIdentifier>{b2f99404-91fe-4237-8abd-0622adf5de62}</UniqueIdentifier>
    </Filter>
    <Filter Include="Gui For Simulator">
      <UniqueIdentifier>{e5780123-8f1b-472a-8ccd-ee242354ce46}</UniqueIdentifier>
    </Filter>
    <Filter Include="Gui For Simulator\Gui Display">
      <UniqueIdentifier>{9481dcce-54dd-4475-9ff9-e40db4424801}</UniqueIdentifier>
    </Filter>
    <Filter Include="Gui For Simulator\Gui Setup Simulator">
      <UniqueIdentifier>{b7c8992a-fadf-4059-8b17-307513171ed6}</UniqueIdentifier>
    </Filter>
    <Filter Include="Gui For Simulator\Gui Simulator">
      <UniqueIdentifier>{ac0224c8-8b8e-47e8-8be5-84c201e54e67}</UniqueIdentifier>
    </Filter>
    <Filter Include="Gui For Simulator\Gui Display\Header Files">
      <UniqueIdentifier>{68281018-6a59-4bea-94f8-c1ee786688ff}</UniqueIdentifier>
    </Filter>
    <Filter Include="Gui For Simulator\Gui Display\Source Files">
      <UniqueIdentifier>{adb4de26-d28b-4af5-aacc-84e752a6b531}</UniqueIdentifier>
    </Filter>
    <Filter Include="Gui For Simulator\Gui Setup Simulator\Header Files">
      <UniqueIdentifier>{4179e9f2-1034-45e7-a12d-9fc95d67ebf1}</UniqueIdentifier>
    </Filter>
    <Filter Include="Gui For Simulator\Gui Setup Simulator\Source Files">
      <UniqueIdentifier>{86b3f8ce-ed87-4102-9ff8-b2ad11d47ff2}</UniqueIdentifier>
    </Filter>
    <Filter Include="Gui For Simulator\Gui Simulator\Header Files">
      <UniqueIdentifier>{ef55398b-c0b5-43fd-b34d-6f979f343945}</UniqueIdentifier>
    </Filter>
    <Filter Include="Gui For Simulator\Gui Simulator\Source Files">
      <UniqueIdentifier>{f85c1c8c-f1e2-4ba1-a522-aad3aedfa95c}</UniqueIdentifier>
    </Filter>
    <Filter Include="Processing">
      <UniqueIdentifier>{558e2012-10cc-4097-be0c-a896eeeec73c}</UniqueIdentifier>
    </Filter>
    <Filter Include="Processing Object">
      <UniqueIdentifier>{0f9f0274-f1f9-4cf0-afbb-f453ce510b41}</UniqueIdentifier>
    </Filter>
    <Filter Include="Processing Object\Header Files">
      <UniqueIdentifier>{8002c10f-d08e-4fc0-8106-1e6779cdbcb3}</UniqueIdentifier>
    </Filter>
    <Filter Include="Processing Object\Source Files">
      <UniqueIdentifier>{62aa22b7-2dbf-452f-933f-7190dfe325d8}</UniqueIdentifier>
    </Filter>
    <Filter Include="Dialog">
      <UniqueIdentifier>{920e1be8-6bfb-41a2-97c2-17f058534da4}</UniqueIdentifier>
    </Filter>
    <Filter Include="Gui For Camera\Gui Setup Camera">
      <UniqueIdentifier>{dd6218e4-5403-48af-9620-2aea31394b36}</UniqueIdentifier>
    </Filter>
    <Filter Include="Gui For Camera\Gui Setup Camera\Header Files">
      <UniqueIdentifier>{43d8d798-2afb-4118-8164-8d7248b50171}</UniqueIdentifier>
    </Filter>
    <Filter Include="Gui For Camera\Gui Setup Camera\Source Files">
      <UniqueIdentifier>{327b4acb-a87e-4393-b43e-2af722ba1c55}</UniqueIdentifier>
    </Filter>
    <Filter Include="Loger">
      <UniqueIdentifier>{470ffd45-8bfe-49a5-9372-adc1c2633cd3}</UniqueIdentifier>
    </Filter>
    <Filter Include="Processing\Header Files">
      <UniqueIdentifier>{71a65bf4-5af7-47d4-8457-367dc6b67964}</UniqueIdentifier>
    </Filter>
    <Filter Include="Processing\Source Files">
      <UniqueIdentifier>{241161d6-74de-4c02-9479-96dccf571c7a}</UniqueIdentifier>
    </Filter>
  </ItemGroup>
  <ItemGroup>
    <QtRcc Include="QtWorkGui.qrc">
      <Filter>Resource Files</Filter>
    </QtRcc>
    <QtMoc Include="QtWorkGui.h">
      <Filter>Header Files</Filter>
    </QtMoc>
    <ClCompile Include="QtWorkGui.cpp">
      <Filter>Source Files</Filter>
    </ClCompile>
  </ItemGroup>
  <ItemGroup>
    <ClCompile Include="main.cpp">
      <Filter>Source Files</Filter>
    </ClCompile>
    <ClCompile Include="Dialog\QtMyDialog.cpp">
      <Filter>Dialog</Filter>
    </ClCompile>
    <ClCompile Include="Gui For Camera\Gui Setup Camera\mysquare.cpp">
      <Filter>Gui For Camera\Gui Setup Camera\Source Files</Filter>
    </ClCompile>
    <ClCompile Include="Gui For Camera\Gui Setup Camera\QtGuiSetupSensor.cpp">
      <Filter>Gui For Camera\Gui Setup Camera\Source Files</Filter>
    </ClCompile>
    <ClCompile Include="Gui For Camera\Gui Setup Camera\widget.cpp">
      <Filter>Gui For Camera\Gui Setup Camera\Source Files</Filter>
    </ClCompile>
    <ClCompile Include="Gui For Camera\QtConnect.cpp">
      <Filter>Gui For Camera\Source Files</Filter>
    </ClCompile>
    <ClCompile Include="Gui For Camera\QtGuiWorkWithCamera.cpp">
      <Filter>Gui For Camera\Source Files</Filter>
    </ClCompile>
    <ClCompile Include="Gui For Simulator\Gui Display\myLabel.cpp">
      <Filter>Gui For Simulator\Gui Display\Source Files</Filter>
    </ClCompile>
    <ClCompile Include="Gui For Simulator\Gui Display\QtGuiDisplay.cpp">
      <Filter>Gui For Simulator\Gui Display\Source Files</Filter>
    </ClCompile>
    <ClCompile Include="Gui For Simulator\Gui Setup Simulator\QtAddToolGUI.cpp">
      <Filter>Gui For Simulator\Gui Setup Simulator\Source Files</Filter>
    </ClCompile>
    <ClCompile Include="Gui For Simulator\Gui Setup Simulator\QtMySliderWid.cpp">
      <Filter>Gui For Simulator\Gui Setup Simulator\Source Files</Filter>
    </ClCompile>
    <ClCompile Include="Gui For Simulator\Gui Setup Simulator\QtSetupSimulator.cpp">
      <Filter>Gui For Simulator\Gui Setup Simulator\Source Files</Filter>
    </ClCompile>
    <ClCompile Include="Gui For Simulator\Gui Setup Simulator\QtWidProcesArea.cpp">
      <Filter>Gui For Simulator\Gui Setup Simulator\Source Files</Filter>
    </ClCompile>
    <ClCompile Include="Gui For Simulator\Gui Setup Simulator\qxtspanslider.cpp">
      <Filter>Gui For Simulator\Gui Setup Simulator\Source Files</Filter>
    </ClCompile>
    <ClCompile Include="Gui For Simulator\Gui Simulator\QtGuiProgramDetails.cpp">
      <Filter>Gui For Simulator\Gui Simulator\Source Files</Filter>
    </ClCompile>
    <ClCompile Include="Gui For Simulator\Gui Simulator\QtGuiSimulator.cpp">
      <Filter>Gui For Simulator\Gui Simulator\Source Files</Filter>
    </ClCompile>
    <ClCompile Include="Gui For Simulator\Gui Simulator\QtImgInScrolBar.cpp">
      <Filter>Gui For Simulator\Gui Simulator\Source Files</Filter>
    </ClCompile>
    <ClCompile Include="Gui For Simulator\Gui Simulator\QtImgWidgets.cpp">
      <Filter>Gui For Simulator\Gui Simulator\Source Files</Filter>
    </ClCompile>
    <ClCompile Include="Loger\simplLoger.cpp">
      <Filter>Loger</Filter>
    </ClCompile>
    <ClCompile Include="Processing Object\MyCircle.cpp">
      <Filter>Processing Object\Source Files</Filter>
    </ClCompile>
    <ClCompile Include="Processing Object\ProcessedObj.cpp">
      <Filter>Processing Object\Source Files</Filter>
    </ClCompile>
    <ClCompile Include="Processing Object\QtProcessedArea.cpp">
      <Filter>Processing Object\Source Files</Filter>
    </ClCompile>
    <ClCompile Include="Processing Object\QtRotateRect.cpp">
      <Filter>Processing Object\Source Files</Filter>
    </ClCompile>
    <ClCompile Include="Processing\CountoursProcessing.cpp">
      <Filter>Processing\Source Files</Filter>
    </ClCompile>
    <ClCompile Include="Work With Camera\FrameObserver.cpp">
      <Filter>Work With Camera\Source Files</Filter>
    </ClCompile>
    <ClCompile Include="Gui For Simulator\Gui Simulator\QtProgramCopyProcesObj.cpp">
      <Filter>Gui For Simulator\Gui Simulator\Source Files</Filter>
    </ClCompile>
    <ClCompile Include="Gui For Simulator\QtGUISensorSim.cpp">
      <Filter>Gui For Simulator</Filter>
    </ClCompile>
    <ClCompile Include="Processing Object\ProcessedObject.cpp">
      <Filter>Processing Object\Source Files</Filter>
    </ClCompile>
    <ClCompile Include="Processing Object\ImageProcessedObject.cpp">
      <Filter>Processing Object\Source Files</Filter>
    </ClCompile>
    <ClCompile Include="Processing Object\ProcessedObjectSensor.cpp">
      <Filter>Processing Object\Source Files</Filter>
    </ClCompile>
    <ClCompile Include="Gui For Simulator\QtImgWidgetsForTesting.cpp">
      <Filter>Gui For Simulator</Filter>
    </ClCompile>
  </ItemGroup>
  <ItemGroup>
    <QtUic Include="Form File\Form For Camera\QtConnect.ui">
      <Filter>Form Files\Form For Camera</Filter>
    </QtUic>
    <QtUic Include="Form File\Form For Simulator\QtGuiProgramDetails.ui">
      <Filter>Form Files\Form For Simulator</Filter>
    </QtUic>
    <QtUic Include="Form File\Form For Simulator\QtAddToolGUI.ui">
      <Filter>Form Files\Form For Simulator</Filter>
    </QtUic>
    <QtUic Include="Form File\Form For Simulator\QtGuiDisplay.ui">
      <Filter>Form Files\Form For Simulator</Filter>
    </QtUic>
    <QtUic Include="Form File\Form For Camera\widget.ui">
      <Filter>Form Files\Form For Camera</Filter>
    </QtUic>
    <QtUic Include="Form File\QtWorkGui.ui">
      <Filter>Form Files</Filter>
    </QtUic>
    <QtUic Include="Form File\Form For Simulator\QtWidProcesArea.ui">
      <Filter>Form Files\Form For Simulator</Filter>
    </QtUic>
    <QtUic Include="Form File\Form For Simulator\QtSetupSimulator.ui">
      <Filter>Form Files\Form For Simulator</Filter>
    </QtUic>
    <QtUic Include="Form File\Form For Simulator\QtProgramCopyProcesObj.ui">
      <Filter>Form Files\Form For Simulator</Filter>
    </QtUic>
    <QtUic Include="Form File\Form For Simulator\QtMySliderWid.ui">
      <Filter>Form Files\Form For Simulator</Filter>
    </QtUic>
    <QtUic Include="Form File\Form For Camera\QtGuiSetupSensor.ui">
      <Filter>Form Files\Form For Camera</Filter>
    </QtUic>
    <QtUic Include="Form File\Form For Simulator\QtGuiSimulator.ui">
      <Filter>Form Files\Form For Simulator</Filter>
    </QtUic>
    <QtUic Include="Form File\Form For Camera\QtGuiWorkWithCamera.ui">
      <Filter>Form Files\Form For Camera</Filter>
    </QtUic>
    <QtUic Include="Form File\Form For Simulator\QtImgInScrolBar.ui">
      <Filter>Form Files\Form For Simulator</Filter>
    </QtUic>
    <QtUic Include="Form File\Form For Simulator\QtImgWidgets.ui">
      <Filter>Form Files\Form For Simulator</Filter>
    </QtUic>
    <QtUic Include="Form File\QtMyDialog.ui">
      <Filter>Form Files</Filter>
    </QtUic>
    <QtUic Include="Form File\Form For Simulator\QtGUISensorSim.ui">
      <Filter>Form Files\Form For Simulator</Filter>
    </QtUic>
    <QtUic Include="Form File\Form For Simulator\QtImgWidgetsForTesting.ui">
      <Filter>Form Files\Form For Simulator</Filter>
    </QtUic>
  </ItemGroup>
  <ItemGroup>
    <QtMoc Include="Dialog\QtMyDialog.h">
      <Filter>Dialog</Filter>
    </QtMoc>
    <QtMoc Include="Gui For Camera\Gui Setup Camera\mysquare.h">
      <Filter>Gui For Camera\Gui Setup Camera\Header Files</Filter>
    </QtMoc>
    <QtMoc Include="Gui For Camera\Gui Setup Camera\QtGuiSetupSensor.h">
      <Filter>Gui For Camera\Gui Setup Camera\Header Files</Filter>
    </QtMoc>
    <QtMoc Include="Gui For Camera\Gui Setup Camera\widget.h">
      <Filter>Gui For Camera\Gui Setup Camera\Header Files</Filter>
    </QtMoc>
    <QtMoc Include="Gui For Camera\QtConnect.h">
      <Filter>Gui For Camera\Header Files</Filter>
    </QtMoc>
    <QtMoc Include="Gui For Camera\QtGuiWorkWithCamera.h">
      <Filter>Gui For Camera\Header Files</Filter>
    </QtMoc>
    <QtMoc Include="Gui For Simulator\Gui Display\myLabel.h">
      <Filter>Gui For Simulator\Gui Display\Header Files</Filter>
    </QtMoc>
    <QtMoc Include="Gui For Simulator\Gui Display\QtGuiDisplay.h">
      <Filter>Gui For Simulator\Gui Display\Header Files</Filter>
    </QtMoc>
    <QtMoc Include="Gui For Simulator\Gui Setup Simulator\QtAddToolGUI.h">
      <Filter>Gui For Simulator\Gui Setup Simulator\Header Files</Filter>
    </QtMoc>
    <QtMoc Include="Gui For Simulator\Gui Setup Simulator\QtMySliderWid.h">
      <Filter>Gui For Simulator\Gui Setup Simulator\Header Files</Filter>
    </QtMoc>
    <QtMoc Include="Gui For Simulator\Gui Setup Simulator\QtSetupSimulator.h">
      <Filter>Gui For Simulator\Gui Setup Simulator\Header Files</Filter>
    </QtMoc>
    <QtMoc Include="Gui For Simulator\Gui Setup Simulator\QtWidProcesArea.h">
      <Filter>Gui For Simulator\Gui Setup Simulator\Header Files</Filter>
    </QtMoc>
    <QtMoc Include="Gui For Simulator\Gui Setup Simulator\qxtspanslider.h">
      <Filter>Gui For Simulator\Gui Setup Simulator\Header Files</Filter>
    </QtMoc>
    <QtMoc Include="Gui For Simulator\Gui Setup Simulator\qxtspanslider_p.h">
      <Filter>Gui For Simulator\Gui Setup Simulator\Header Files</Filter>
    </QtMoc>
    <QtMoc Include="Gui For Simulator\Gui Simulator\QtGuiProgramDetails.h">
      <Filter>Gui For Simulator\Gui Simulator\Header Files</Filter>
    </QtMoc>
    <QtMoc Include="Gui For Simulator\Gui Simulator\QtGuiSimulator.h">
      <Filter>Gui For Simulator\Gui Simulator\Header Files</Filter>
    </QtMoc>
    <QtMoc Include="Gui For Simulator\Gui Simulator\QtImgInScrolBar.h">
      <Filter>Gui For Simulator\Gui Simulator\Header Files</Filter>
    </QtMoc>
    <QtMoc Include="Gui For Simulator\Gui Simulator\QtImgWidgets.h">
      <Filter>Gui For Simulator\Gui Simulator\Header Files</Filter>
    </QtMoc>
    <QtMoc Include="Processing Object\QtProcessedArea.h">
      <Filter>Processing Object\Header Files</Filter>
    </QtMoc>
    <QtMoc Include="Gui For Simulator\Gui Simulator\QtProgramCopyProcesObj.h">
      <Filter>Gui For Simulator\Gui Simulator\Header Files</Filter>
    </QtMoc>
    <QtMoc Include="Gui For Simulator\QtGUISensorSim.h">
      <Filter>Gui For Simulator</Filter>
    </QtMoc>
    <QtMoc Include="Gui For Simulator\QtImgWidgetsForTesting.h">
      <Filter>Gui For Simulator</Filter>
    </QtMoc>
  </ItemGroup>
  <ItemGroup>
    <ClInclude Include="Loger\simplLoger.h">
      <Filter>Loger</Filter>
    </ClInclude>
    <ClInclude Include="Processing Object\MyCircle.h">
      <Filter>Processing Object\Header Files</Filter>
    </ClInclude>
    <ClInclude Include="Processing Object\ProcessedObj.h">
      <Filter>Processing Object\Header Files</Filter>
    </ClInclude>
    <ClInclude Include="Processing Object\QtRotateRect.h">
      <Filter>Processing Object\Header Files</Filter>
    </ClInclude>
    <ClInclude Include="Processing\CountoursProcessing.h">
      <Filter>Processing\Header Files</Filter>
    </ClInclude>
    <ClInclude Include="Work With Camera\FrameObserver.h">
      <Filter>Work With Camera\Header Files</Filter>
    </ClInclude>
    <ClInclude Include="Processing Object\ProcessedObject.h">
      <Filter>Processing Object\Header Files</Filter>
    </ClInclude>
    <ClInclude Include="Processing Object\ImageProcessedObject.h">
      <Filter>Processing Object\Header Files</Filter>
    </ClInclude>
    <ClInclude Include="Processing Object\ProcessedObjectSensor.h">
      <Filter>Processing Object\Header Files</Filter>
    </ClInclude>
  </ItemGroup>
</Project>